Microsoft Visual Studio Solution File, Format Version 12.00
# Visual Studio 2012
Project("{FAE04EC0-301F-11D3-BF4B-00C04F79EFBC}") = "VillageProject", "VillageProject.csproj", "{C1C05C74-EBA9-432F-BDF9-2BF4A180680B}"
EndProject
Project("{FAE04EC0-301F-11D3-BF4B-00C04F79EFBC}") = "VillageProject.Core", "VillageProject.Core\VillageProject.Core.csproj", "{D2DBA836-6FB5-4BC3-9D1F-958B4FBC176E}"
EndProject
Project("{FAE04EC0-301F-11D3-BF4B-00C04F79EFBC}") = "VillageProject.ConsoleApp", "VillageProject.ConsoleApp\VillageProject.ConsoleApp.csproj", "{0486DD77-EACD-4B77-A101-26564B8CB8A0}"
EndProject
Global
	GlobalSection(SolutionConfigurationPlatforms) = preSolution
	Debug|Any CPU = Debug|Any CPU
	ExportDebug|Any CPU = ExportDebug|Any CPU
	ExportRelease|Any CPU = ExportRelease|Any CPU
	EndGlobalSection
	GlobalSection(ProjectConfigurationPlatforms) = postSolution
		{C1C05C74-EBA9-432F-BDF9-2BF4A180680B}.Debug|Any CPU.ActiveCfg = Debug|Any CPU
		{C1C05C74-EBA9-432F-BDF9-2BF4A180680B}.Debug|Any CPU.Build.0 = Debug|Any CPU
		{C1C05C74-EBA9-432F-BDF9-2BF4A180680B}.ExportDebug|Any CPU.ActiveCfg = ExportDebug|Any CPU
		{C1C05C74-EBA9-432F-BDF9-2BF4A180680B}.ExportDebug|Any CPU.Build.0 = ExportDebug|Any CPU
		{C1C05C74-EBA9-432F-BDF9-2BF4A180680B}.ExportRelease|Any CPU.ActiveCfg = ExportRelease|Any CPU
		{C1C05C74-EBA9-432F-BDF9-2BF4A180680B}.ExportRelease|Any CPU.Build.0 = ExportRelease|Any CPU
		{D2DBA836-6FB5-4BC3-9D1F-958B4FBC176E}.Debug|Any CPU.ActiveCfg = Debug|Any CPU
		{D2DBA836-6FB5-4BC3-9D1F-958B4FBC176E}.Debug|Any CPU.Build.0 = Debug|Any CPU
		{D2DBA836-6FB5-4BC3-9D1F-958B4FBC176E}.ExportDebug|Any CPU.ActiveCfg = Debug|Any CPU
		{D2DBA836-6FB5-4BC3-9D1F-958B4FBC176E}.ExportDebug|Any CPU.Build.0 = Debug|Any CPU
		{D2DBA836-6FB5-4BC3-9D1F-958B4FBC176E}.ExportRelease|Any CPU.ActiveCfg = Debug|Any CPU
		{D2DBA836-6FB5-4BC3-9D1F-958B4FBC176E}.ExportRelease|Any CPU.Build.0 = Debug|Any CPU
		{0486DD77-EACD-4B77-A101-26564B8CB8A0}.Debug|Any CPU.ActiveCfg = Debug|Any CPU
		{0486DD77-EACD-4B77-A101-26564B8CB8A0}.Debug|Any CPU.Build.0 = Debug|Any CPU
		{0486DD77-EACD-4B77-A101-26564B8CB8A0}.ExportDebug|Any CPU.ActiveCfg = Debug|Any CPU
		{0486DD77-EACD-4B77-A101-26564B8CB8A0}.ExportDebug|Any CPU.Build.0 = Debug|Any CPU
		{0486DD77-EACD-4B77-A101-26564B8CB8A0}.ExportRelease|Any CPU.ActiveCfg = Debug|Any CPU
		{0486DD77-EACD-4B77-A101-26564B8CB8A0}.ExportRelease|Any CPU.Build.0 = Debug|Any CPU
	EndGlobalSection
EndGlobal
